
Microsoft Visual Studio Solution File, Format Version 12.00
# Visual Studio Version 16
VisualStudioVersion = 16.0.29519.181
MinimumVisualStudioVersion = 10.0.40219.1
Project("{FAE04EC0-301F-11D3-BF4B-00C04F79EFBC}") = "PhoneStore.Android", "PhoneStore\PhoneStore.Android\PhoneStore.Android.csproj", "{940EBF6C-E076-4B24-B440-EDE27F8EF0A0}"
EndProject
Project("{FAE04EC0-301F-11D3-BF4B-00C04F79EFBC}") = "PhoneStore.iOS", "PhoneStore\PhoneStore.iOS\PhoneStore.iOS.csproj", "{B144D8F8-789F-49AC-BA76-0AE72BD4415C}"
EndProject
Project("{FAE04EC0-301F-11D3-BF4B-00C04F79EFBC}") = "PhoneStore", "PhoneStore\PhoneStore\PhoneStore.csproj", "{8B3A7503-B7A6-458A-A4E9-87C39E9E9E8C}"
EndProject
Global
	GlobalSection(SolutionConfigurationPlatforms) = preSolution
		Debug|Any CPU = Debug|Any CPU
		Debug|iPhone = Debug|iPhone
		Debug|iPhoneSimulator = Debug|iPhoneSimulator
		Release|Any CPU = Release|Any CPU
		Release|iPhone = Release|iPhone
		Release|iPhoneSimulator = Release|iPhoneSimulator
	EndGlobalSection
	GlobalSection(ProjectConfigurationPlatforms) = postSolution
		{940EBF6C-E076-4B24-B440-EDE27F8EF0A0}.Debug|Any CPU.ActiveCfg = Debug|Any CPU
		{940EBF6C-E076-4B24-B440-EDE27F8EF0A0}.Debug|Any CPU.Build.0 = Debug|Any CPU
		{940EBF6C-E076-4B24-B440-EDE27F8EF0A0}.Debug|Any CPU.Deploy.0 = Debug|Any CPU
		{940EBF6C-E076-4B24-B440-EDE27F8EF0A0}.Debug|iPhone.ActiveCfg = Debug|Any CPU
		{940EBF6C-E076-4B24-B440-EDE27F8EF0A0}.Debug|iPhone.Build.0 = Debug|Any CPU
		{940EBF6C-E076-4B24-B440-EDE27F8EF0A0}.Debug|iPhone.Deploy.0 = Debug|Any CPU
		{940EBF6C-E076-4B24-B440-EDE27F8EF0A0}.Debug|iPhoneSimulator.ActiveCfg = Debug|Any CPU
		{940EBF6C-E076-4B24-B440-EDE27F8EF0A0}.Debug|iPhoneSimulator.Build.0 = Debug|Any CPU
		{940EBF6C-E076-4B24-B440-EDE27F8EF0A0}.Debug|iPhoneSimulator.Deploy.0 = Debug|Any CPU
		{940EBF6C-E076-4B24-B440-EDE27F8EF0A0}.Release|Any CPU.ActiveCfg = Release|Any CPU
		{940EBF6C-E076-4B24-B440-EDE27F8EF0A0}.Release|Any CPU.Build.0 = Release|Any CPU
		{940EBF6C-E076-4B24-B440-EDE27F8EF0A0}.Release|Any CPU.Deploy.0 = Release|Any CPU
		{940EBF6C-E076-4B24-B440-EDE27F8EF0A0}.Release|iPhone.ActiveCfg = Release|Any CPU
		{940EBF6C-E076-4B24-B440-EDE27F8EF0A0}.Release|iPhone.Build.0 = Release|Any CPU
		{940EBF6C-E076-4B24-B440-EDE27F8EF0A0}.Release|iPhone.Deploy.0 = Release|Any CPU
		{940EBF6C-E076-4B24-B440-EDE27F8EF0A0}.Release|iPhoneSimulator.ActiveCfg = Release|Any CPU
		{940EBF6C-E076-4B24-B440-EDE27F8EF0A0}.Release|iPhoneSimulator.Build.0 = Release|Any CPU
		{940EBF6C-E076-4B24-B440-EDE27F8EF0A0}.Release|iPhoneSimulator.Deploy.0 = Release|Any CPU
		{B144D8F8-789F-49AC-BA76-0AE72BD4415C}.Debug|Any CPU.ActiveCfg = Debug|iPhoneSimulator
		{B144D8F8-789F-49AC-BA76-0AE72BD4415C}.Debug|Any CPU.Build.0 = Debug|iPhoneSimulator
		{B144D8F8-789F-49AC-BA76-0AE72BD4415C}.Debug|Any CPU.Deploy.0 = Debug|iPhoneSimulator
		{B144D8F8-789F-49AC-BA76-0AE72BD4415C}.Debug|iPhone.ActiveCfg = Debug|iPhone
		{B144D8F8-789F-49AC-BA76-0AE72BD4415C}.Debug|iPhone.Build.0 = Debug|iPhone
		{B144D8F8-789F-49AC-BA76-0AE72BD4415C}.Debug|iPhone.Deploy.0 = Debug|iPhone
		{B144D8F8-789F-49AC-BA76-0AE72BD4415C}.Debug|iPhoneSimulator.ActiveCfg = Debug|iPhoneSimulator
		{B144D8F8-789F-49AC-BA76-0AE72BD4415C}.Debug|iPhoneSimulator.Build.0 = Debug|iPhoneSimulator
		{B144D8F8-789F-49AC-BA76-0AE72BD4415C}.Debug|iPhoneSimulator.Deploy.0 = Debug|iPhoneSimulator
		{B144D8F8-789F-49AC-BA76-0AE72BD4415C}.Release|Any CPU.ActiveCfg = Release|iPhone
		{B144D8F8-789F-49AC-BA76-0AE72BD4415C}.Release|Any CPU.Build.0 = Release|iPhone
		{B144D8F8-789F-49AC-BA76-0AE72BD4415C}.Release|Any CPU.Deploy.0 = Release|iPhone
		{B144D8F8-789F-49AC-BA76-0AE72BD4415C}.Release|iPhone.ActiveCfg = Release|iPhone
		{B144D8F8-789F-49AC-BA76-0AE72BD4415C}.Release|iPhone.Build.0 = Release|iPhone
		{B144D8F8-789F-49AC-BA76-0AE72BD4415C}.Release|iPhone.Deploy.0 = Release|iPhone
		{B144D8F8-789F-49AC-BA76-0AE72BD4415C}.Release|iPhoneSimulator.ActiveCfg = Release|iPhoneSimulator
		{B144D8F8-789F-49AC-BA76-0AE72BD4415C}.Release|iPhoneSimulator.Build.0 = Release|iPhoneSimulator
		{B144D8F8-789F-49AC-BA76-0AE72BD4415C}.Release|iPhoneSimulator.Deploy.0 = Release|iPhoneSimulator
		{8B3A7503-B7A6-458A-A4E9-87C39E9E9E8C}.Debug|Any CPU.ActiveCfg = Debug|Any CPU
		{8B3A7503-B7A6-458A-A4E9-87C39E9E9E8C}.Debug|Any CPU.Build.0 = Debug|Any CPU
		{8B3A7503-B7A6-458A-A4E9-87C39E9E9E8C}.Debug|Any CPU.Deploy.0 = Debug|Any CPU
		{8B3A7503-B7A6-458A-A4E9-87C39E9E9E8C}.Debug|iPhone.ActiveCfg = Debug|Any CPU
		{8B3A7503-B7A6-458A-A4E9-87C39E9E9E8C}.Debug|iPhone.Build.0 = Debug|Any CPU
		{8B3A7503-B7A6-458A-A4E9-87C39E9E9E8C}.Debug|iPhone.Deploy.0 = Debug|Any CPU
		{8B3A7503-B7A6-458A-A4E9-87C39E9E9E8C}.Debug|iPhoneSimulator.ActiveCfg = Debug|Any CPU
		{8B3A7503-B7A6-458A-A4E9-87C39E9E9E8C}.Debug|iPhoneSimulator.Build.0 = Debug|Any CPU
		{8B3A7503-B7A6-458A-A4E9-87C39E9E9E8C}.Debug|iPhoneSimulator.Deploy.0 = Debug|Any CPU
		{8B3A7503-B7A6-458A-A4E9-87C39E9E9E8C}.Release|Any CPU.ActiveCfg = Release|Any CPU
		{8B3A7503-B7A6-458A-A4E9-87C39E9E9E8C}.Release|Any CPU.Build.0 = Release|Any CPU
		{8B3A7503-B7A6-458A-A4E9-87C39E9E9E8C}.Release|Any CPU.Deploy.0 = Release|Any CPU
		{8B3A7503-B7A6-458A-A4E9-87C39E9E9E8C}.Release|iPhone.ActiveCfg = Release|Any CPU
		{8B3A7503-B7A6-458A-A4E9-87C39E9E9E8C}.Release|iPhone.Build.0 = Release|Any CPU
		{8B3A7503-B7A6-458A-A4E9-87C39E9E9E8C}.Release|iPhone.Deploy.0 = Release|Any CPU
		{8B3A7503-B7A6-458A-A4E9-87C39E9E9E8C}.Release|iPhoneSimulator.ActiveCfg = Release|Any CPU
		{8B3A7503-B7A6-458A-A4E9-87C39E9E9E8C}.Release|iPhoneSimulator.Build.0 = Release|Any CPU
		{8B3A7503-B7A6-458A-A4E9-87C39E9E9E8C}.Release|iPhoneSimulator.Deploy.0 = Release|Any CPU
	EndGlobalSection
	GlobalSection(SolutionProperties) = preSolution
		HideSolutionNode = FALSE
	EndGlobalSection
	GlobalSection(ExtensibilityGlobals) = postSolution
		SolutionGuid = {E8ACEFAA-9A23-4D21-9F79-A4A1E79AD7CD}
	EndGlobalSection
EndGlobal
